
Microsoft Visual Studio Solution File, Format Version 12.00
# Visual Studio Version 17
VisualStudioVersion = 17.9.34714.143
MinimumVisualStudioVersion = 10.0.40219.1
Project("{9A19103F-16F7-4668-BE54-9A1E7A4F7556}") = "ASC.Web", "ASC.Web\ASC.Web.csproj", "{5E9DCB0F-EB75-4BEF-8D6D-719D4E63BA31}"
EndProject
Project("{FAE04EC0-301F-11D3-BF4B-00C04F79EFBC}") = "ASC.Business", "ASC.Business\ASC.Business.csproj", "{B2E7C84D-F28B-4785-AB87-7276ACE03D69}"
EndProject
Project("{FAE04EC0-301F-11D3-BF4B-00C04F79EFBC}") = "ASC.DataAccess", "ASC.DataAccess\ASC.DataAccess.csproj", "{5AD0A83E-0DFD-4F8F-BD5F-34B0306261B7}"
EndProject
Project("{FAE04EC0-301F-11D3-BF4B-00C04F79EFBC}") = "ASC.Model", "ASC.Model\ASC.Model.csproj", "{4FF45F67-4FA8-437E-B68B-F8291329E3FF}"
EndProject
Project("{FAE04EC0-301F-11D3-BF4B-00C04F79EFBC}") = "ASC.Utilities", "ASC.Utilities\ASC.Utilities.csproj", "{8D67F77D-4C6D-49E7-B20B-461815854C08}"
EndProject
Global
	GlobalSection(SolutionConfigurationPlatforms) = preSolution
		Debug|Any CPU = Debug|Any CPU
		Release|Any CPU = Release|Any CPU
	EndGlobalSection
	GlobalSection(ProjectConfigurationPlatforms) = postSolution
		{5E9DCB0F-EB75-4BEF-8D6D-719D4E63BA31}.Debug|Any CPU.ActiveCfg = Debug|Any CPU
		{5E9DCB0F-EB75-4BEF-8D6D-719D4E63BA31}.Debug|Any CPU.Build.0 = Debug|Any CPU
		{5E9DCB0F-EB75-4BEF-8D6D-719D4E63BA31}.Release|Any CPU.ActiveCfg = Release|Any CPU
		{5E9DCB0F-EB75-4BEF-8D6D-719D4E63BA31}.Release|Any CPU.Build.0 = Release|Any CPU
		{B2E7C84D-F28B-4785-AB87-7276ACE03D69}.Debug|Any CPU.ActiveCfg = Debug|Any CPU
		{B2E7C84D-F28B-4785-AB87-7276ACE03D69}.Debug|Any CPU.Build.0 = Debug|Any CPU
		{B2E7C84D-F28B-4785-AB87-7276ACE03D69}.Release|Any CPU.ActiveCfg = Release|Any CPU
		{B2E7C84D-F28B-4785-AB87-7276ACE03D69}.Release|Any CPU.Build.0 = Release|Any CPU
		{5AD0A83E-0DFD-4F8F-BD5F-34B0306261B7}.Debug|Any CPU.ActiveCfg = Debug|Any CPU
		{5AD0A83E-0DFD-4F8F-BD5F-34B0306261B7}.Debug|Any CPU.Build.0 = Debug|Any CPU
		{5AD0A83E-0DFD-4F8F-BD5F-34B0306261B7}.Release|Any CPU.ActiveCfg = Release|Any CPU
		{5AD0A83E-0DFD-4F8F-BD5F-34B0306261B7}.Release|Any CPU.Build.0 = Release|Any CPU
		{4FF45F67-4FA8-437E-B68B-F8291329E3FF}.Debug|Any CPU.ActiveCfg = Debug|Any CPU
		{4FF45F67-4FA8-437E-B68B-F8291329E3FF}.Debug|Any CPU.Build.0 = Debug|Any CPU
		{4FF45F67-4FA8-437E-B68B-F8291329E3FF}.Release|Any CPU.ActiveCfg = Release|Any CPU
		{4FF45F67-4FA8-437E-B68B-F8291329E3FF}.Release|Any CPU.Build.0 = Release|Any CPU
		{8D67F77D-4C6D-49E7-B20B-461815854C08}.Debug|Any CPU.ActiveCfg = Debug|Any CPU
		{8D67F77D-4C6D-49E7-B20B-461815854C08}.Debug|Any CPU.Build.0 = Debug|Any CPU
		{8D67F77D-4C6D-49E7-B20B-461815854C08}.Release|Any CPU.ActiveCfg = Release|Any CPU
		{8D67F77D-4C6D-49E7-B20B-461815854C08}.Release|Any CPU.Build.0 = Release|Any CPU
	EndGlobalSection
	GlobalSection(SolutionProperties) = preSolution
		HideSolutionNode = FALSE
	EndGlobalSection
	GlobalSection(ExtensibilityGlobals) = postSolution
		SolutionGuid = {5332BC38-5C83-43BD-AF0C-903810B61053}
	EndGlobalSection
EndGlobal
